{
  "lockfile_version": 1,
  "os": "Windows 11 x64 (build 26100)",
  "r_version": "R version 4.4.2 (2024-10-31 ucrt)",
  "platform": "x86_64-w64-mingw32",
  "packages": [
    {
      "ref": "R6",
      "package": "R6",
      "version": "2.5.1",
      "type": "standard",
      "direct": false,
      "binary": true,
      "dependencies": [],
      "vignettes": false,
      "needscompilation": false,
      "metadata": {
        "RemoteType": "standard",
        "RemotePkgRef": "R6",
        "RemoteRef": "R6",
        "RemoteRepos": "https://cran.rstudio.com",
        "RemotePkgPlatform": "i386+x86_64-w64-mingw32",
        "RemoteSha": "2.5.1"
      },
      "sources": ["https://cran.rstudio.com/bin/windows/contrib/4.4/R6_2.5.1.zip"],
      "target": "bin/windows/contrib/4.4/R6_2.5.1.zip",
      "platform": "i386+x86_64-w64-mingw32",
      "rversion": "4.4",
      "built": "R 4.4.0; ; 2024-04-01 00:40:25 UTC; windows",
      "directpkg": false,
      "license": "MIT + file LICENSE",
      "sha256": "cb1aae35df0e88ff86d7b77cfea30a2274eebc275d2e43b2b6cf58533bf9fd94",
      "filesize": 84979,
      "dep_types": ["Depends", "Imports", "LinkingTo"],
      "params": [],
      "install_args": "",
      "repotype": "cran",
      "sysreqs": ""
    },
    {
      "ref": "Rcpp",
      "package": "Rcpp",
      "version": "1.0.14",
      "type": "standard",
      "direct": false,
      "binary": true,
      "dependencies": [],
      "vignettes": false,
      "needscompilation": false,
      "metadata": {
        "RemoteType": "standard",
        "RemotePkgRef": "Rcpp",
        "RemoteRef": "Rcpp",
        "RemoteRepos": "https://cran.rstudio.com",
        "RemotePkgPlatform": "x86_64-w64-mingw32",
        "RemoteSha": "1.0.14"
      },
      "sources": ["https://cran.rstudio.com/bin/windows/contrib/4.4/Rcpp_1.0.14.zip"],
      "target": "bin/windows/contrib/4.4/Rcpp_1.0.14.zip",
      "platform": "x86_64-w64-mingw32",
      "rversion": "4.4",
      "built": "R 4.4.2; x86_64-w64-mingw32; 2025-01-16 00:51:34 UTC; windows",
      "directpkg": false,
      "license": "GPL (>= 2)",
      "sha256": "062d4afd4b1a96098055ba9a7624194c185da3746141dcf2930cb4b2eacef15b",
      "filesize": 2900962,
      "dep_types": ["Depends", "Imports", "LinkingTo"],
      "params": [],
      "install_args": "",
      "repotype": "cran",
      "sysreqs": ""
    },
    {
      "ref": "cli",
      "package": "cli",
      "version": "3.6.3",
      "type": "standard",
      "direct": false,
      "binary": true,
      "dependencies": [],
      "vignettes": false,
      "needscompilation": false,
      "metadata": {
        "RemoteType": "standard",
        "RemotePkgRef": "cli",
        "RemoteRef": "cli",
        "RemoteRepos": "https://cran.rstudio.com",
        "RemotePkgPlatform": "x86_64-w64-mingw32",
        "RemoteSha": "3.6.3"
      },
      "sources": ["https://cran.rstudio.com/bin/windows/contrib/4.4/cli_3.6.3.zip"],
      "target": "bin/windows/contrib/4.4/cli_3.6.3.zip",
      "platform": "x86_64-w64-mingw32",
      "rversion": "4.4",
      "built": "R 4.4.1; x86_64-w64-mingw32; 2024-09-23 00:26:08 UTC; windows",
      "directpkg": false,
      "license": "MIT + file LICENSE",
      "sha256": "5a381c7d7c1f7cef968cdf778e5c158242845f4f88db40db929d472ef46162ec",
      "filesize": 1364100,
      "dep_types": ["Depends", "Imports", "LinkingTo"],
      "params": [],
      "install_args": "",
      "repotype": "cran",
      "sysreqs": ""
    },
    {
      "ref": "crayon",
      "package": "crayon",
      "version": "1.5.3",
      "type": "standard",
      "direct": false,
      "binary": true,
      "dependencies": [],
      "vignettes": false,
      "needscompilation": false,
      "metadata": {
        "RemoteType": "standard",
        "RemotePkgRef": "crayon",
        "RemoteRef": "crayon",
        "RemoteRepos": "https://cran.rstudio.com",
        "RemotePkgPlatform": "i386+x86_64-w64-mingw32",
        "RemoteSha": "1.5.3"
      },
      "sources": ["https://cran.rstudio.com/bin/windows/contrib/4.4/crayon_1.5.3.zip"],
      "target": "bin/windows/contrib/4.4/crayon_1.5.3.zip",
      "platform": "i386+x86_64-w64-mingw32",
      "rversion": "4.4",
      "built": "R 4.4.1; ; 2024-09-23 00:26:34 UTC; windows",
      "directpkg": false,
      "license": "MIT + file LICENSE",
      "sha256": "96baf9033c9197942d9c6df1cdcbf0b6ff623a62d63f98d21d056eccccf417cc",
      "filesize": 165170,
      "dep_types": ["Depends", "Imports", "LinkingTo"],
      "params": [],
      "install_args": "",
      "repotype": "cran",
      "sysreqs": ""
    },
    {
      "ref": "curl",
      "package": "curl",
      "version": "6.2.0",
      "type": "standard",
      "direct": false,
      "binary": true,
      "dependencies": [],
      "vignettes": false,
      "needscompilation": false,
      "metadata": {
        "RemoteType": "standard",
        "RemotePkgRef": "curl",
        "RemoteRef": "curl",
        "RemoteRepos": "https://cran.rstudio.com",
        "RemotePkgPlatform": "x86_64-w64-mingw32",
        "RemoteSha": "6.2.0"
      },
      "sources": ["https://cran.rstudio.com/bin/windows/contrib/4.4/curl_6.2.0.zip"],
      "target": "bin/windows/contrib/4.4/curl_6.2.0.zip",
      "platform": "x86_64-w64-mingw32",
      "rversion": "4.4",
      "built": "R 4.4.2; x86_64-w64-mingw32; 2025-01-25 00:51:22 UTC; windows",
      "directpkg": false,
      "license": "MIT + file LICENSE",
      "sha256": "b1094554c285e19168f51fdff130246586d43bf8ed437ce2d85ee7b00e5ccd3a",
      "filesize": 3501493,
      "dep_types": ["Depends", "Imports", "LinkingTo"],
      "params": [],
      "install_args": "",
      "repotype": "cran",
      "sysreqs": "libcurl (>= 7.62): libcurl-devel (rpm) or libcurl4-openssl-dev (deb)"
    },
    {
      "ref": "ellipsis",
      "package": "ellipsis",
      "version": "0.3.2",
      "type": "standard",
      "direct": false,
      "binary": true,
      "dependencies": ["rlang"],
      "vignettes": false,
      "needscompilation": false,
      "metadata": {
        "RemoteType": "standard",
        "RemotePkgRef": "ellipsis",
        "RemoteRef": "ellipsis",
        "RemoteRepos": "https://cran.rstudio.com",
        "RemotePkgPlatform": "x86_64-w64-mingw32",
        "RemoteSha": "0.3.2"
      },
      "sources": ["https://cran.rstudio.com/bin/windows/contrib/4.4/ellipsis_0.3.2.zip"],
      "target": "bin/windows/contrib/4.4/ellipsis_0.3.2.zip",
      "platform": "x86_64-w64-mingw32",
      "rversion": "4.4",
      "built": "R 4.4.0; x86_64-w64-mingw32; 2024-04-01 01:15:57 UTC; windows",
      "directpkg": false,
      "license": "MIT + file LICENSE",
      "sha256": "3260b1389c2c6c7263d999ef94fe52f4e7cfcdf9ec1c674834e24ff42e222245",
      "filesize": 41132,
      "dep_types": ["Depends", "Imports", "LinkingTo"],
      "params": [],
      "install_args": "",
      "repotype": "cran",
      "sysreqs": ""
    },
    {
      "ref": "fastmap",
      "package": "fastmap",
      "version": "1.2.0",
      "type": "standard",
      "direct": false,
      "binary": true,
      "dependencies": [],
      "vignettes": false,
      "needscompilation": false,
      "metadata": {
        "RemoteType": "standard",
        "RemotePkgRef": "fastmap",
        "RemoteRef": "fastmap",
        "RemoteRepos": "https://cran.rstudio.com",
        "RemotePkgPlatform": "x86_64-w64-mingw32",
        "RemoteSha": "1.2.0"
      },
      "sources": ["https://cran.rstudio.com/bin/windows/contrib/4.4/fastmap_1.2.0.zip"],
      "target": "bin/windows/contrib/4.4/fastmap_1.2.0.zip",
      "platform": "x86_64-w64-mingw32",
      "rversion": "4.4",
      "built": "R 4.4.1; x86_64-w64-mingw32; 2024-09-23 00:26:13 UTC; windows",
      "directpkg": false,
      "license": "MIT + file LICENSE",
      "sha256": "2c4109ec24a333ead3d510200151e219538af325d757aa5cb46c6da82e15475b",
      "filesize": 135360,
      "dep_types": ["Depends", "Imports", "LinkingTo"],
      "params": [],
      "install_args": "",
      "repotype": "cran",
      "sysreqs": ""
    },
    {
      "ref": "glue",
      "package": "glue",
      "version": "1.8.0",
      "type": "standard",
      "direct": false,
      "binary": true,
      "dependencies": [],
      "vignettes": false,
      "needscompilation": false,
      "metadata": {
        "RemoteType": "standard",
        "RemotePkgRef": "glue",
        "RemoteRef": "glue",
        "RemoteRepos": "https://cran.rstudio.com",
        "RemotePkgPlatform": "x86_64-w64-mingw32",
        "RemoteSha": "1.8.0"
      },
      "sources": ["https://cran.rstudio.com/bin/windows/contrib/4.4/glue_1.8.0.zip"],
      "target": "bin/windows/contrib/4.4/glue_1.8.0.zip",
      "platform": "x86_64-w64-mingw32",
      "rversion": "4.4",
      "built": "R 4.4.1; x86_64-w64-mingw32; 2024-10-02 23:51:14 UTC; windows",
      "directpkg": false,
      "license": "MIT + file LICENSE",
      "sha256": "251698720e76f6f3cf5a1fcf9c0d9dd5023caadb2001983c31831e27dcba0104",
      "filesize": 183779,
      "dep_types": ["Depends", "Imports", "LinkingTo"],
      "params": [],
      "install_args": "",
      "repotype": "cran",
      "sysreqs": ""
    },
    {
      "ref": "httpuv",
      "package": "httpuv",
      "version": "1.6.15",
      "type": "standard",
      "direct": false,
      "binary": true,
      "dependencies": ["later", "promises", "R6", "Rcpp"],
      "vignettes": false,
      "needscompilation": false,
      "metadata": {
        "RemoteType": "standard",
        "RemotePkgRef": "httpuv",
        "RemoteRef": "httpuv",
        "RemoteRepos": "https://cran.rstudio.com",
        "RemotePkgPlatform": "x86_64-w64-mingw32",
        "RemoteSha": "1.6.15"
      },
      "sources": ["https://cran.rstudio.com/bin/windows/contrib/4.4/httpuv_1.6.15.zip"],
      "target": "bin/windows/contrib/4.4/httpuv_1.6.15.zip",
      "platform": "x86_64-w64-mingw32",
      "rversion": "4.4",
      "built": "R 4.4.0; x86_64-w64-mingw32; 2024-04-01 01:47:03 UTC; windows",
      "directpkg": false,
      "license": "GPL (>= 2) | file LICENSE",
      "sha256": "4d677aabd2d64e0c67ef8ae587741e23491b70322ea5badba91612eef6ddcecb",
      "filesize": 1003224,
      "dep_types": ["Depends", "Imports", "LinkingTo"],
      "params": [],
      "install_args": "",
      "repotype": "cran",
      "sysreqs": "GNU make, zlib"
    },
    {
      "ref": "jsonlite",
      "package": "jsonlite",
      "version": "1.8.9",
      "type": "standard",
      "direct": false,
      "binary": true,
      "dependencies": [],
      "vignettes": false,
      "needscompilation": false,
      "metadata": {
        "RemoteType": "standard",
        "RemotePkgRef": "jsonlite",
        "RemoteRef": "jsonlite",
        "RemoteRepos": "https://cran.rstudio.com",
        "RemotePkgPlatform": "x86_64-w64-mingw32",
        "RemoteSha": "1.8.9"
      },
      "sources": ["https://cran.rstudio.com/bin/windows/contrib/4.4/jsonlite_1.8.9.zip"],
      "target": "bin/windows/contrib/4.4/jsonlite_1.8.9.zip",
      "platform": "x86_64-w64-mingw32",
      "rversion": "4.4",
      "built": "R 4.4.1; x86_64-w64-mingw32; 2024-09-23 00:26:10 UTC; windows",
      "directpkg": false,
      "license": "MIT + file LICENSE",
      "sha256": "623ca4051cc927d7fd7da8d25fd2e8f4527af2c488627dc9b61a3adc069a5bea",
      "filesize": 1107068,
      "dep_types": ["Depends", "Imports", "LinkingTo"],
      "params": [],
      "install_args": "",
      "repotype": "cran",
      "sysreqs": ""
    },
    {
      "ref": "later",
      "package": "later",
      "version": "1.4.1",
      "type": "standard",
      "direct": false,
      "binary": true,
      "dependencies": ["Rcpp", "rlang"],
      "vignettes": false,
      "needscompilation": false,
      "metadata": {
        "RemoteType": "standard",
        "RemotePkgRef": "later",
        "RemoteRef": "later",
        "RemoteRepos": "https://cran.rstudio.com",
        "RemotePkgPlatform": "x86_64-w64-mingw32",
        "RemoteSha": "1.4.1"
      },
      "sources": ["https://cran.rstudio.com/bin/windows/contrib/4.4/later_1.4.1.zip"],
      "target": "bin/windows/contrib/4.4/later_1.4.1.zip",
      "platform": "x86_64-w64-mingw32",
      "rversion": "4.4",
      "built": "R 4.4.2; x86_64-w64-mingw32; 2024-11-29 00:51:07 UTC; windows",
      "directpkg": false,
      "license": "MIT + file LICENSE",
      "sha256": "6bed110cc948b3b8a3934bb516272b9cf888cfd5c520da2c6496e1c4cb8a017e",
      "filesize": 468160,
      "dep_types": ["Depends", "Imports", "LinkingTo"],
      "params": [],
      "install_args": "",
      "repotype": "cran",
      "sysreqs": ""
    },
    {
      "ref": "lifecycle",
      "package": "lifecycle",
      "version": "1.0.4",
      "type": "standard",
      "direct": false,
      "binary": true,
      "dependencies": ["cli", "glue", "rlang"],
      "vignettes": false,
      "needscompilation": false,
      "metadata": {
        "RemoteType": "standard",
        "RemotePkgRef": "lifecycle",
        "RemoteRef": "lifecycle",
        "RemoteRepos": "https://cran.rstudio.com",
        "RemotePkgPlatform": "i386+x86_64-w64-mingw32",
        "RemoteSha": "1.0.4"
      },
      "sources": ["https://cran.rstudio.com/bin/windows/contrib/4.4/lifecycle_1.0.4.zip"],
      "target": "bin/windows/contrib/4.4/lifecycle_1.0.4.zip",
      "platform": "i386+x86_64-w64-mingw32",
      "rversion": "4.4",
      "built": "R 4.4.0; ; 2024-04-01 01:15:59 UTC; windows",
      "directpkg": false,
      "license": "MIT + file LICENSE",
      "sha256": "78f72f8fefe9002f58fdcf4e4e2cd9151dbe6d9d9ede3e6184c8e1b5233bcd79",
      "filesize": 140926,
      "dep_types": ["Depends", "Imports", "LinkingTo"],
      "params": [],
      "install_args": "",
      "repotype": "cran",
      "sysreqs": ""
    },
    {
      "ref": "magrittr",
      "package": "magrittr",
      "version": "2.0.3",
      "type": "standard",
      "direct": false,
      "binary": true,
      "dependencies": [],
      "vignettes": false,
      "needscompilation": false,
      "metadata": {
        "RemoteType": "standard",
        "RemotePkgRef": "magrittr",
        "RemoteRef": "magrittr",
        "RemoteRepos": "https://cran.rstudio.com",
        "RemotePkgPlatform": "x86_64-w64-mingw32",
        "RemoteSha": "2.0.3"
      },
      "sources": ["https://cran.rstudio.com/bin/windows/contrib/4.4/magrittr_2.0.3.zip"],
      "target": "bin/windows/contrib/4.4/magrittr_2.0.3.zip",
      "platform": "x86_64-w64-mingw32",
      "rversion": "4.4",
      "built": "R 4.4.0; x86_64-w64-mingw32; 2024-04-01 00:40:25 UTC; windows",
      "directpkg": false,
      "license": "MIT + file LICENSE",
      "sha256": "a234d3c7a11d31bce34edbbdfd1824eaf32d5d95e87480483954047eb427f20e",
      "filesize": 229418,
      "dep_types": ["Depends", "Imports", "LinkingTo"],
      "params": [],
      "install_args": "",
      "repotype": "cran",
      "sysreqs": ""
    },
    {
      "ref": "mime",
      "package": "mime",
      "version": "0.12",
      "type": "standard",
      "direct": false,
      "binary": true,
      "dependencies": [],
      "vignettes": false,
      "needscompilation": false,
      "metadata": {
        "RemoteType": "standard",
        "RemotePkgRef": "mime",
        "RemoteRef": "mime",
        "RemoteRepos": "https://cran.rstudio.com",
        "RemotePkgPlatform": "x86_64-w64-mingw32",
        "RemoteSha": "0.12"
      },
      "sources": ["https://cran.rstudio.com/bin/windows/contrib/4.4/mime_0.12.zip"],
      "target": "bin/windows/contrib/4.4/mime_0.12.zip",
      "platform": "x86_64-w64-mingw32",
      "rversion": "4.4",
      "built": "R 4.4.0; x86_64-w64-mingw32; 2024-03-30 01:20:36 UTC; windows",
      "directpkg": false,
      "license": "GPL",
      "sha256": "e1ad2196ad238454aa5ca5920a61a217f2d39c00fbc98d81ec15fa233be7b929",
      "filesize": 40917,
      "dep_types": ["Depends", "Imports", "LinkingTo"],
      "params": [],
      "install_args": "",
      "repotype": "cran",
      "sysreqs": ""
    },
    {
      "ref": "plumber",
      "package": "plumber",
      "version": "1.2.2",
      "type": "standard",
      "direct": true,
      "binary": true,
      "dependencies": ["R6", "stringi", "jsonlite", "webutils", "httpuv", "crayon", "promises", "sodium", "swagger", "magrittr", "mime", "lifecycle", "ellipsis", "rlang"],
      "vignettes": false,
      "needscompilation": false,
      "metadata": {
        "RemoteType": "standard",
        "RemotePkgRef": "plumber",
        "RemoteRef": "plumber",
        "RemoteRepos": "https://cran.rstudio.com",
        "RemotePkgPlatform": "i386+x86_64-w64-mingw32",
        "RemoteSha": "1.2.2"
      },
      "sources": ["https://cran.rstudio.com/bin/windows/contrib/4.4/plumber_1.2.2.zip"],
      "target": "bin/windows/contrib/4.4/plumber_1.2.2.zip",
      "platform": "i386+x86_64-w64-mingw32",
      "rversion": "4.4",
      "built": "R 4.4.0; ; 2024-04-01 01:57:42 UTC; windows",
      "directpkg": true,
      "license": "MIT + file LICENSE",
      "sha256": "5bb93422c2c2b43da072cb4ff0e62423c9d8efc54939d85b1dcd1ea5c032d375",
      "filesize": 1108104,
      "dep_types": ["Depends", "Imports", "LinkingTo"],
      "params": [],
      "install_args": "",
      "repotype": "cran",
      "sysreqs": ""
    },
    {
      "ref": "promises",
      "package": "promises",
      "version": "1.3.2",
      "type": "standard",
      "direct": false,
      "binary": true,
      "dependencies": ["fastmap", "later", "magrittr", "R6", "Rcpp", "rlang"],
      "vignettes": false,
      "needscompilation": false,
      "metadata": {
        "RemoteType": "standard",
        "RemotePkgRef": "promises",
        "RemoteRef": "promises",
        "RemoteRepos": "https://cran.rstudio.com",
        "RemotePkgPlatform": "x86_64-w64-mingw32",
        "RemoteSha": "1.3.2"
      },
      "sources": ["https://cran.rstudio.com/bin/windows/contrib/4.4/promises_1.3.2.zip"],
      "target": "bin/windows/contrib/4.4/promises_1.3.2.zip",
      "platform": "x86_64-w64-mingw32",
      "rversion": "4.4",
      "built": "R 4.4.2; x86_64-w64-mingw32; 2024-11-29 00:51:57 UTC; windows",
      "directpkg": false,
      "license": "MIT + file LICENSE",
      "sha256": "b0785b30dbec73666c6ef19a622af311b17b7a7a6edf80e95d175b441e624c66",
      "filesize": 2016648,
      "dep_types": ["Depends", "Imports", "LinkingTo"],
      "params": [],
      "install_args": "",
      "repotype": "cran",
      "sysreqs": ""
    },
    {
      "ref": "rlang",
      "package": "rlang",
      "version": "1.1.5",
      "type": "standard",
      "direct": false,
      "binary": true,
      "dependencies": [],
      "vignettes": false,
      "needscompilation": false,
      "metadata": {
        "RemoteType": "standard",
        "RemotePkgRef": "rlang",
        "RemoteRef": "rlang",
        "RemoteRepos": "https://cran.rstudio.com",
        "RemotePkgPlatform": "x86_64-w64-mingw32",
        "RemoteSha": "1.1.5"
      },
      "sources": ["https://cran.rstudio.com/bin/windows/contrib/4.4/rlang_1.1.5.zip"],
      "target": "bin/windows/contrib/4.4/rlang_1.1.5.zip",
      "platform": "x86_64-w64-mingw32",
      "rversion": "4.4",
      "built": "R 4.4.2; x86_64-w64-mingw32; 2025-01-21 00:51:18 UTC; windows",
      "directpkg": false,
      "license": "MIT + file LICENSE",
      "sha256": "5dd49da471bbffcebc70a8c9cd7e709875e819aa24804e7867b85d03999d7510",
      "filesize": 1629624,
      "dep_types": ["Depends", "Imports", "LinkingTo"],
      "params": [],
      "install_args": "",
      "repotype": "cran",
      "sysreqs": ""
    },
    {
      "ref": "sodium",
      "package": "sodium",
      "version": "1.4.0",
      "type": "standard",
      "direct": false,
      "binary": true,
      "dependencies": [],
      "vignettes": false,
      "needscompilation": false,
      "metadata": {
        "RemoteType": "standard",
        "RemotePkgRef": "sodium",
        "RemoteRef": "sodium",
        "RemoteRepos": "https://cran.rstudio.com",
        "RemotePkgPlatform": "x86_64-w64-mingw32",
        "RemoteSha": "1.4.0"
      },
      "sources": ["https://cran.rstudio.com/bin/windows/contrib/4.4/sodium_1.4.0.zip"],
      "target": "bin/windows/contrib/4.4/sodium_1.4.0.zip",
      "platform": "x86_64-w64-mingw32",
      "rversion": "4.4",
      "built": "R 4.4.2; x86_64-w64-mingw32; 2024-12-21 00:51:29 UTC; windows",
      "directpkg": false,
      "license": "MIT + file LICENSE",
      "sha256": "8c0146f4e797226865b3461e24bff5abbb21eb0faf5bfd23611bdbe85ff0d9e1",
      "filesize": 660560,
      "dep_types": ["Depends", "Imports", "LinkingTo"],
      "params": [],
      "install_args": "",
      "repotype": "cran",
      "sysreqs": "libsodium (>= 1.0.3)"
    },
    {
      "ref": "stringi",
      "package": "stringi",
      "version": "1.8.4",
      "type": "standard",
      "direct": false,
      "binary": true,
      "dependencies": [],
      "vignettes": false,
      "needscompilation": false,
      "metadata": {
        "RemoteType": "standard",
        "RemotePkgRef": "stringi",
        "RemoteRef": "stringi",
        "RemoteRepos": "https://cran.rstudio.com",
        "RemotePkgPlatform": "x86_64-w64-mingw32",
        "RemoteSha": "1.8.4"
      },
      "sources": ["https://cran.rstudio.com/bin/windows/contrib/4.4/stringi_1.8.4.zip"],
      "target": "bin/windows/contrib/4.4/stringi_1.8.4.zip",
      "platform": "x86_64-w64-mingw32",
      "rversion": "4.4",
      "built": "R 4.4.0; x86_64-w64-mingw32; 2024-05-06 23:50:54 UTC; windows",
      "directpkg": false,
      "license": "file LICENSE",
      "sha256": "a61cf5a5538108b1b43b5aa89dae4c648ac39b4d714431f7544f91d70f17bc91",
      "filesize": 15027635,
      "dep_types": ["Depends", "Imports", "LinkingTo"],
      "params": [],
      "install_args": "",
      "repotype": "cran",
      "sysreqs": "ICU4C (>= 61, optional)"
    },
    {
      "ref": "swagger",
      "package": "swagger",
      "version": "5.17.14.1",
      "type": "standard",
      "direct": false,
      "binary": true,
      "dependencies": [],
      "vignettes": false,
      "needscompilation": false,
      "metadata": {
        "RemoteType": "standard",
        "RemotePkgRef": "swagger",
        "RemoteRef": "swagger",
        "RemoteRepos": "https://cran.rstudio.com",
        "RemotePkgPlatform": "i386+x86_64-w64-mingw32",
        "RemoteSha": "5.17.14.1"
      },
      "sources": ["https://cran.rstudio.com/bin/windows/contrib/4.4/swagger_5.17.14.1.zip"],
      "target": "bin/windows/contrib/4.4/swagger_5.17.14.1.zip",
      "platform": "i386+x86_64-w64-mingw32",
      "rversion": "4.4",
      "built": "R 4.4.1; ; 2024-09-23 00:35:44 UTC; windows",
      "directpkg": false,
      "license": "Apache License 2.0 | file LICENSE",
      "sha256": "849ea8f3ac92e4321589defc986ecd9bad4bb63b4cc633da544dd0fbfff04539",
      "filesize": 1957420,
      "dep_types": ["Depends", "Imports", "LinkingTo"],
      "params": [],
      "install_args": "",
      "repotype": "cran",
      "sysreqs": ""
    },
    {
      "ref": "webutils",
      "package": "webutils",
      "version": "1.2.2",
      "type": "standard",
      "direct": false,
      "binary": true,
      "dependencies": ["curl", "jsonlite"],
      "vignettes": false,
      "needscompilation": false,
      "metadata": {
        "RemoteType": "standard",
        "RemotePkgRef": "webutils",
        "RemoteRef": "webutils",
        "RemoteRepos": "https://cran.rstudio.com",
        "RemotePkgPlatform": "x86_64-w64-mingw32",
        "RemoteSha": "1.2.2"
      },
      "sources": ["https://cran.rstudio.com/bin/windows/contrib/4.4/webutils_1.2.2.zip"],
      "target": "bin/windows/contrib/4.4/webutils_1.2.2.zip",
      "platform": "x86_64-w64-mingw32",
      "rversion": "4.4",
      "built": "R 4.4.1; x86_64-w64-mingw32; 2024-10-04 23:51:09 UTC; windows",
      "directpkg": false,
      "license": "MIT + file LICENSE",
      "sha256": "72125f8abe1bdbc9160bc41313863f838a50704fd5fdada24a8b71bec99f5773",
      "filesize": 41483,
      "dep_types": ["Depends", "Imports", "LinkingTo"],
      "params": [],
      "install_args": "",
      "repotype": "cran",
      "sysreqs": ""
    },
    {
      "ref": "bit64",
      "package": "bit64",
      "version": "4.6.0-1",
      "type": "standard",
      "direct": false,
      "binary": true,
      "dependencies": ["bit"],
      "vignettes": false,
      "needscompilation": false,
      "metadata": {
        "RemoteType": "standard",
        "RemotePkgRef": "bit64",
        "RemoteRef": "bit64",
        "RemoteRepos": "https://cran.rstudio.com",
        "RemotePkgPlatform": "x86_64-w64-mingw32",
        "RemoteSha": "4.6.0-1"
      },
      "sources": ["https://cran.rstudio.com/bin/windows/contrib/4.4/bit64_4.6.0-1.zip"],
      "target": "bin/windows/contrib/4.4/bit64_4.6.0-1.zip",
      "platform": "x86_64-w64-mingw32",
      "rversion": "4.4",
      "built": "R 4.4.2; x86_64-w64-mingw32; 2025-01-21 00:51:17 UTC; windows",
      "directpkg": false,
      "license": "GPL-2 | GPL-3",
      "sha256": "b9ad7e5e9349dc4e96cae9a0e13a2189ba9ae7552b8a782baf8c871e47ca90ea",
      "filesize": 512020,
      "dep_types": ["Depends", "Imports", "LinkingTo"],
      "params": [],
      "install_args": "",
      "repotype": "cran",
      "sysreqs": ""
    },
    {
      "ref": "bit",
      "package": "bit",
      "version": "4.5.0.1",
      "type": "standard",
      "direct": false,
      "binary": true,
      "dependencies": [],
      "vignettes": false,
      "needscompilation": false,
      "metadata": {
        "RemoteType": "standard",
        "RemotePkgRef": "bit",
        "RemoteRef": "bit",
        "RemoteRepos": "https://cran.rstudio.com",
        "RemotePkgPlatform": "x86_64-w64-mingw32",
        "RemoteSha": "4.5.0.1"
      },
      "sources": ["https://cran.rstudio.com/bin/windows/contrib/4.4/bit_4.5.0.1.zip"],
      "target": "bin/windows/contrib/4.4/bit_4.5.0.1.zip",
      "platform": "x86_64-w64-mingw32",
      "rversion": "4.4",
      "built": "R 4.4.2; x86_64-w64-mingw32; 2024-12-06 00:50:59 UTC; windows",
      "directpkg": false,
      "license": "GPL-2 | GPL-3",
      "sha256": "5533c97b15fb660d009197866e1175e112896dceea2148948cfa075c151fafce",
      "filesize": 1182414,
      "dep_types": ["Depends", "Imports", "LinkingTo"],
      "params": [],
      "install_args": "",
      "repotype": "cran",
      "sysreqs": ""
    },
    {
      "ref": "clipr",
      "package": "clipr",
      "version": "0.8.0",
      "type": "standard",
      "direct": false,
      "binary": true,
      "dependencies": [],
      "vignettes": false,
      "needscompilation": false,
      "metadata": {
        "RemoteType": "standard",
        "RemotePkgRef": "clipr",
        "RemoteRef": "clipr",
        "RemoteRepos": "https://cran.rstudio.com",
        "RemotePkgPlatform": "i386+x86_64-w64-mingw32",
        "RemoteSha": "0.8.0"
      },
      "sources": ["https://cran.rstudio.com/bin/windows/contrib/4.4/clipr_0.8.0.zip"],
      "target": "bin/windows/contrib/4.4/clipr_0.8.0.zip",
      "platform": "i386+x86_64-w64-mingw32",
      "rversion": "4.4",
      "built": "R 4.4.0; ; 2024-04-01 00:40:51 UTC; windows",
      "directpkg": false,
      "license": "GPL-3",
      "sha256": "d9da7be552eb9c3e99578631d6638405378d722ea19ca2d8aa9cdf5f9c0db738",
      "filesize": 55529,
      "dep_types": ["Depends", "Imports", "LinkingTo"],
      "params": [],
      "install_args": "",
      "repotype": "cran",
      "sysreqs": "xclip (https://github.com/astrand/xclip) or xsel (http://www.vergenet.net/~conrad/software/xsel/) for accessing the X11 clipboard, or wl-clipboard (https://github.com/bugaevc/wl-clipboard) for systems using Wayland."
    },
    {
      "ref": "fansi",
      "package": "fansi",
      "version": "1.0.6",
      "type": "standard",
      "direct": false,
      "binary": true,
      "dependencies": [],
      "vignettes": false,
      "needscompilation": false,
      "metadata": {
        "RemoteType": "standard",
        "RemotePkgRef": "fansi",
        "RemoteRef": "fansi",
        "RemoteRepos": "https://cran.rstudio.com",
        "RemotePkgPlatform": "x86_64-w64-mingw32",
        "RemoteSha": "1.0.6"
      },
      "sources": ["https://cran.rstudio.com/bin/windows/contrib/4.4/fansi_1.0.6.zip"],
      "target": "bin/windows/contrib/4.4/fansi_1.0.6.zip",
      "platform": "x86_64-w64-mingw32",
      "rversion": "4.4",
      "built": "R 4.4.0; x86_64-w64-mingw32; 2024-04-01 00:40:26 UTC; windows",
      "directpkg": false,
      "license": "GPL-2 | GPL-3",
      "sha256": "e34281d4566b570617f14c686a45ba23871f6c791a4b21e4797387f8f5ab556b",
      "filesize": 322974,
      "dep_types": ["Depends", "Imports", "LinkingTo"],
      "params": [],
      "install_args": "",
      "repotype": "cran",
      "sysreqs": ""
    },
    {
      "ref": "hms",
      "package": "hms",
      "version": "1.1.3",
      "type": "standard",
      "direct": false,
      "binary": true,
      "dependencies": ["lifecycle", "pkgconfig", "rlang", "vctrs"],
      "vignettes": false,
      "needscompilation": false,
      "metadata": {
        "RemoteType": "standard",
        "RemotePkgRef": "hms",
        "RemoteRef": "hms",
        "RemoteRepos": "https://cran.rstudio.com",
        "RemotePkgPlatform": "i386+x86_64-w64-mingw32",
        "RemoteSha": "1.1.3"
      },
      "sources": ["https://cran.rstudio.com/bin/windows/contrib/4.4/hms_1.1.3.zip"],
      "target": "bin/windows/contrib/4.4/hms_1.1.3.zip",
      "platform": "i386+x86_64-w64-mingw32",
      "rversion": "4.4",
      "built": "R 4.4.0; ; 2024-04-01 01:47:05 UTC; windows",
      "directpkg": false,
      "license": "MIT + file LICENSE",
      "sha256": "ff6870e0a10bd4ae14b27ce893c56dd5f9d2cb72f30aa8546bf458c4d8d05819",
      "filesize": 105340,
      "dep_types": ["Depends", "Imports", "LinkingTo"],
      "params": [],
      "install_args": "",
      "repotype": "cran",
      "sysreqs": ""
    },
    {
      "ref": "pillar",
      "package": "pillar",
      "version": "1.10.1",
      "type": "standard",
      "direct": false,
      "binary": true,
      "dependencies": ["cli", "glue", "lifecycle", "rlang", "utf8", "vctrs"],
      "vignettes": false,
      "needscompilation": false,
      "metadata": {
        "RemoteType": "standard",
        "RemotePkgRef": "pillar",
        "RemoteRef": "pillar",
        "RemoteRepos": "https://cran.rstudio.com",
        "RemotePkgPlatform": "i386+x86_64-w64-mingw32",
        "RemoteSha": "1.10.1"
      },
      "sources": ["https://cran.rstudio.com/bin/windows/contrib/4.4/pillar_1.10.1.zip"],
      "target": "bin/windows/contrib/4.4/pillar_1.10.1.zip",
      "platform": "i386+x86_64-w64-mingw32",
      "rversion": "4.4",
      "built": "R 4.4.2; ; 2025-01-09 00:51:24 UTC; windows",
      "directpkg": false,
      "license": "MIT + file LICENSE",
      "sha256": "e6b72f3508e4fe866b07396195983f6f05b37515aa684c8e78e3e5201ab02ad5",
      "filesize": 671539,
      "dep_types": ["Depends", "Imports", "LinkingTo"],
      "params": [],
      "install_args": "",
      "repotype": "cran",
      "sysreqs": ""
    },
    {
      "ref": "pkgconfig",
      "package": "pkgconfig",
      "version": "2.0.3",
      "type": "standard",
      "direct": false,
      "binary": true,
      "dependencies": [],
      "vignettes": false,
      "needscompilation": false,
      "metadata": {
        "RemoteType": "standard",
        "RemotePkgRef": "pkgconfig",
        "RemoteRef": "pkgconfig",
        "RemoteRepos": "https://cran.rstudio.com",
        "RemotePkgPlatform": "i386+x86_64-w64-mingw32",
        "RemoteSha": "2.0.3"
      },
      "sources": ["https://cran.rstudio.com/bin/windows/contrib/4.4/pkgconfig_2.0.3.zip"],
      "target": "bin/windows/contrib/4.4/pkgconfig_2.0.3.zip",
      "platform": "i386+x86_64-w64-mingw32",
      "rversion": "4.4",
      "built": "R 4.4.0; ; 2024-04-01 00:40:26 UTC; windows",
      "directpkg": false,
      "license": "MIT + file LICENSE",
      "sha256": "c03b729d63dcd1c97d27d2a9e7a2f4298af6af6b3677cfda55023a7b30e89a03",
      "filesize": 22814,
      "dep_types": ["Depends", "Imports", "LinkingTo"],
      "params": [],
      "install_args": "",
      "repotype": "cran",
      "sysreqs": ""
    },
    {
      "ref": "readr",
      "package": "readr",
      "version": "2.1.5",
      "type": "standard",
      "direct": true,
      "binary": true,
      "dependencies": ["cli", "clipr", "crayon", "hms", "lifecycle", "R6", "rlang", "tibble", "vroom"],
      "vignettes": false,
      "needscompilation": false,
      "metadata": {
        "RemoteType": "standard",
        "RemotePkgRef": "readr",
        "RemoteRef": "readr",
        "RemoteRepos": "https://cran.rstudio.com",
        "RemotePkgPlatform": "x86_64-w64-mingw32",
        "RemoteSha": "2.1.5"
      },
      "sources": ["https://cran.rstudio.com/bin/windows/contrib/4.4/readr_2.1.5.zip"],
      "target": "bin/windows/contrib/4.4/readr_2.1.5.zip",
      "platform": "x86_64-w64-mingw32",
      "rversion": "4.4",
      "built": "R 4.4.0; x86_64-w64-mingw32; 2024-04-01 02:21:22 UTC; windows",
      "directpkg": true,
      "license": "MIT + file LICENSE",
      "sha256": "92e157687cfb0329adc504819d54f86487d91724c02e78508d1e61ce19634a43",
      "filesize": 1194492,
      "dep_types": ["Depends", "Imports", "LinkingTo"],
      "params": [],
      "install_args": "",
      "repotype": "cran",
      "sysreqs": ""
    },
    {
      "ref": "tibble",
      "package": "tibble",
      "version": "3.2.1",
      "type": "standard",
      "direct": false,
      "binary": true,
      "dependencies": ["fansi", "lifecycle", "magrittr", "pillar", "pkgconfig", "rlang", "vctrs"],
      "vignettes": false,
      "needscompilation": false,
      "metadata": {
        "RemoteType": "standard",
        "RemotePkgRef": "tibble",
        "RemoteRef": "tibble",
        "RemoteRepos": "https://cran.rstudio.com",
        "RemotePkgPlatform": "x86_64-w64-mingw32",
        "RemoteSha": "3.2.1"
      },
      "sources": ["https://cran.rstudio.com/bin/windows/contrib/4.4/tibble_3.2.1.zip"],
      "target": "bin/windows/contrib/4.4/tibble_3.2.1.zip",
      "platform": "x86_64-w64-mingw32",
      "rversion": "4.4",
      "built": "R 4.4.0; x86_64-w64-mingw32; 2024-04-01 01:55:24 UTC; windows",
      "directpkg": false,
      "license": "MIT + file LICENSE",
      "sha256": "7afe141b5229a2ae4e76063b3906df3e1f543587a7c965b49f1baa113aa6d996",
      "filesize": 695054,
      "dep_types": ["Depends", "Imports", "LinkingTo"],
      "params": [],
      "install_args": "",
      "repotype": "cran",
      "sysreqs": ""
    },
    {
      "ref": "tidyselect",
      "package": "tidyselect",
      "version": "1.2.1",
      "type": "standard",
      "direct": false,
      "binary": true,
      "dependencies": ["cli", "glue", "lifecycle", "rlang", "vctrs", "withr"],
      "vignettes": false,
      "needscompilation": false,
      "metadata": {
        "RemoteType": "standard",
        "RemotePkgRef": "tidyselect",
        "RemoteRef": "tidyselect",
        "RemoteRepos": "https://cran.rstudio.com",
        "RemotePkgPlatform": "i386+x86_64-w64-mingw32",
        "RemoteSha": "1.2.1"
      },
      "sources": ["https://cran.rstudio.com/bin/windows/contrib/4.4/tidyselect_1.2.1.zip"],
      "target": "bin/windows/contrib/4.4/tidyselect_1.2.1.zip",
      "platform": "i386+x86_64-w64-mingw32",
      "rversion": "4.4",
      "built": "R 4.4.0; ; 2024-04-01 01:47:02 UTC; windows",
      "directpkg": false,
      "license": "MIT + file LICENSE",
      "sha256": "5acf02a0e4d5a33bd37f3bb1a05540dc1c120c523ec5ae0680c907492b1dad50",
      "filesize": 228154,
      "dep_types": ["Depends", "Imports", "LinkingTo"],
      "params": [],
      "install_args": "",
      "repotype": "cran",
      "sysreqs": ""
    },
    {
      "ref": "tzdb",
      "package": "tzdb",
      "version": "0.4.0",
      "type": "standard",
      "direct": false,
      "binary": true,
      "dependencies": [],
      "vignettes": false,
      "needscompilation": false,
      "metadata": {
        "RemoteType": "standard",
        "RemotePkgRef": "tzdb",
        "RemoteRef": "tzdb",
        "RemoteRepos": "https://cran.rstudio.com",
        "RemotePkgPlatform": "x86_64-w64-mingw32",
        "RemoteSha": "0.4.0"
      },
      "sources": ["https://cran.rstudio.com/bin/windows/contrib/4.4/tzdb_0.4.0.zip"],
      "target": "bin/windows/contrib/4.4/tzdb_0.4.0.zip",
      "platform": "x86_64-w64-mingw32",
      "rversion": "4.4",
      "built": "R 4.4.0; x86_64-w64-mingw32; 2024-04-01 00:40:50 UTC; windows",
      "directpkg": false,
      "license": "MIT + file LICENSE",
      "sha256": "b635769b931d18f7c8f4e939fcf0b08e97fd7406dd37055694da8a84e348c7d8",
      "filesize": 1016543,
      "dep_types": ["Depends", "Imports", "LinkingTo"],
      "params": [],
      "install_args": "",
      "repotype": "cran",
      "sysreqs": ""
    },
    {
      "ref": "utf8",
      "package": "utf8",
      "version": "1.2.4",
      "type": "standard",
      "direct": false,
      "binary": true,
      "dependencies": [],
      "vignettes": false,
      "needscompilation": false,
      "metadata": {
        "RemoteType": "standard",
        "RemotePkgRef": "utf8",
        "RemoteRef": "utf8",
        "RemoteRepos": "https://cran.rstudio.com",
        "RemotePkgPlatform": "x86_64-w64-mingw32",
        "RemoteSha": "1.2.4"
      },
      "sources": ["https://cran.rstudio.com/bin/windows/contrib/4.4/utf8_1.2.4.zip"],
      "target": "bin/windows/contrib/4.4/utf8_1.2.4.zip",
      "platform": "x86_64-w64-mingw32",
      "rversion": "4.4",
      "built": "R 4.4.0; x86_64-w64-mingw32; 2024-04-01 00:40:26 UTC; windows",
      "directpkg": false,
      "license": "Apache License (== 2.0) | file LICENSE",
      "sha256": "1ad5ccc7935edfd6e95669292cba9e1b3353435c1f4b2bcac052ec0658a3216a",
      "filesize": 150798,
      "dep_types": ["Depends", "Imports", "LinkingTo"],
      "params": [],
      "install_args": "",
      "repotype": "cran",
      "sysreqs": ""
    },
    {
      "ref": "vctrs",
      "package": "vctrs",
      "version": "0.6.5",
      "type": "standard",
      "direct": false,
      "binary": true,
      "dependencies": ["cli", "glue", "lifecycle", "rlang"],
      "vignettes": false,
      "needscompilation": false,
      "metadata": {
        "RemoteType": "standard",
        "RemotePkgRef": "vctrs",
        "RemoteRef": "vctrs",
        "RemoteRepos": "https://cran.rstudio.com",
        "RemotePkgPlatform": "x86_64-w64-mingw32",
        "RemoteSha": "0.6.5"
      },
      "sources": ["https://cran.rstudio.com/bin/windows/contrib/4.4/vctrs_0.6.5.zip"],
      "target": "bin/windows/contrib/4.4/vctrs_0.6.5.zip",
      "platform": "x86_64-w64-mingw32",
      "rversion": "4.4",
      "built": "R 4.4.0; x86_64-w64-mingw32; 2024-04-01 01:31:25 UTC; windows",
      "directpkg": false,
      "license": "MIT + file LICENSE",
      "sha256": "c392aa8fc5c4b94814c08015908ffd2bd249767887cd336f9fb2aa592587035a",
      "filesize": 1358793,
      "dep_types": ["Depends", "Imports", "LinkingTo"],
      "params": [],
      "install_args": "",
      "repotype": "cran",
      "sysreqs": ""
    },
    {
      "ref": "vroom",
      "package": "vroom",
      "version": "1.6.5",
      "type": "standard",
      "direct": false,
      "binary": true,
      "dependencies": ["bit64", "cli", "crayon", "glue", "hms", "lifecycle", "rlang", "tibble", "tidyselect", "tzdb", "vctrs", "withr"],
      "vignettes": false,
      "needscompilation": false,
      "metadata": {
        "RemoteType": "standard",
        "RemotePkgRef": "vroom",
        "RemoteRef": "vroom",
        "RemoteRepos": "https://cran.rstudio.com",
        "RemotePkgPlatform": "x86_64-w64-mingw32",
        "RemoteSha": "1.6.5"
      },
      "sources": ["https://cran.rstudio.com/bin/windows/contrib/4.4/vroom_1.6.5.zip"],
      "target": "bin/windows/contrib/4.4/vroom_1.6.5.zip",
      "platform": "x86_64-w64-mingw32",
      "rversion": "4.4",
      "built": "R 4.4.0; x86_64-w64-mingw32; 2024-04-01 02:03:03 UTC; windows",
      "directpkg": false,
      "license": "MIT + file LICENSE",
      "sha256": "d1934ea0ba819df653e4a5fabde188ecb2cac6b10a575eb5d531ac5757ccaca6",
      "filesize": 1339453,
      "dep_types": ["Depends", "Imports", "LinkingTo"],
      "params": [],
      "install_args": "",
      "repotype": "cran",
      "sysreqs": ""
    },
    {
      "ref": "withr",
      "package": "withr",
      "version": "3.0.2",
      "type": "standard",
      "direct": false,
      "binary": true,
      "dependencies": [],
      "vignettes": false,
      "needscompilation": false,
      "metadata": {
        "RemoteType": "standard",
        "RemotePkgRef": "withr",
        "RemoteRef": "withr",
        "RemoteRepos": "https://cran.rstudio.com",
        "RemotePkgPlatform": "i386+x86_64-w64-mingw32",
        "RemoteSha": "3.0.2"
      },
      "sources": ["https://cran.rstudio.com/bin/windows/contrib/4.4/withr_3.0.2.zip"],
      "target": "bin/windows/contrib/4.4/withr_3.0.2.zip",
      "platform": "i386+x86_64-w64-mingw32",
      "rversion": "4.4",
      "built": "R 4.4.1; ; 2024-10-31 05:26:27 UTC; windows",
      "directpkg": false,
      "license": "MIT + file LICENSE",
      "sha256": "27b4f28df9dc8bd9021fad04cc47f11692f09757229465bfc7b44ef2150d2777",
      "filesize": 231365,
      "dep_types": ["Depends", "Imports", "LinkingTo"],
      "params": [],
      "install_args": "",
      "repotype": "cran",
      "sysreqs": ""
    },
    {
      "ref": "github::dfe-analytical-services/eesyscreener",
      "package": "eesyscreener",
      "version": "0.0.0.9000",
      "type": "github",
      "direct": true,
      "binary": false,
      "dependencies": [],
      "vignettes": false,
      "needscompilation": true,
      "metadata": {
        "RemoteType": "github",
        "RemoteHost": "api.github.com",
        "RemoteRepo": "eesyscreener",
        "RemoteUsername": "dfe-analytical-services",
        "RemotePkgRef": "github::dfe-analytical-services/eesyscreener",
        "RemoteRef": "HEAD",
        "RemoteSha": "bebc16390f9644ab788787e2bad888b6acba9463",
        "GithubRepo": "eesyscreener",
        "GithubUsername": "dfe-analytical-services",
        "GithubRef": "HEAD",
        "GithubSHA1": "bebc16390f9644ab788787e2bad888b6acba9463"
      },
      "sources": ["https://api.github.com/repos/dfe-analytical-services/eesyscreener/zipball/bebc16390f9644ab788787e2bad888b6acba9463"],
      "target": "src/contrib/eesyscreener_0.0.0.9000_bebc163.tar.gz",
      "platform": "source",
      "rversion": "*",
      "directpkg": true,
      "license": "GPL (>= 3)",
      "dep_types": ["Depends", "Imports", "LinkingTo"],
      "params": [],
      "install_args": "--no-multiarch",
      "sysreqs": ""
    }
  ]
}
